
Microsoft Visual Studio Solution File, Format Version 12.00
# Visual Studio Version 17
VisualStudioVersion = 17.0.32112.339
MinimumVisualStudioVersion = 10.0.40219.1
Project("{FAE04EC0-301F-11D3-BF4B-00C04F79EFBC}") = "BikeNet", "BikeNet.csproj", "{97212038-258B-455B-9EE0-3CF5F0B3EBF1}"
EndProject
Global
	GlobalSection(SolutionConfigurationPlatforms) = preSolution
		Debug|Any CPU = Debug|Any CPU
		Release|Any CPU = Release|Any CPU
	EndGlobalSection
	GlobalSection(ProjectConfigurationPlatforms) = postSolution
		{97212038-258B-455B-9EE0-3CF5F0B3EBF1}.Debug|Any CPU.ActiveCfg = Debug|Any CPU
		{97212038-258B-455B-9EE0-3CF5F0B3EBF1}.Debug|Any CPU.Build.0 = Debug|Any CPU
		{97212038-258B-455B-9EE0-3CF5F0B3EBF1}.Release|Any CPU.ActiveCfg = Release|Any CPU
		{97212038-258B-455B-9EE0-3CF5F0B3EBF1}.Release|Any CPU.Build.0 = Release|Any CPU
	EndGlobalSection
	GlobalSection(SolutionProperties) = preSolution
		HideSolutionNode = FALSE
	EndGlobalSection
	GlobalSection(ExtensibilityGlobals) = postSolution
		SolutionGuid = {515C56E6-59C7-45BF-BA6A-FC190FD77C42}
	EndGlobalSection
EndGlobal
